// !$*UTF8*$!
{
	archiveVersion = 1;
	classes = {
	};
	objectVersion = 46;
	objects = {

/* Begin PBXBuildFile section */
		36353CE01B162507005DEF4F /* main.m in Sources */ = {isa = PBXBuildFile; fileRef = 36353CDF1B162507005DEF4F /* main.m */; };
		36353CE31B162507005DEF4F /* AppDelegate.m in Sources */ = {isa = PBXBuildFile; fileRef = 36353CE21B162507005DEF4F /* AppDelegate.m */; };
		36353CE61B162507005DEF4F /* ViewController.m in Sources */ = {isa = PBXBuildFile; fileRef = 36353CE51B162507005DEF4F /* ViewController.m */; };
		36353CE91B162507005DEF4F /* Main.storyboard in Resources */ = {isa = PBXBuildFile; fileRef = 36353CE71B162507005DEF4F /* Main.storyboard */; };
		36353CEB1B162507005DEF4F /* Images.xcassets in Resources */ = {isa = PBXBuildFile; fileRef = 36353CEA1B162507005DEF4F /* Images.xcassets */; };
		36353CEE1B162507005DEF4F /* LaunchScreen.xib in Resources */ = {isa = PBXBuildFile; fileRef = 36353CEC1B162507005DEF4F /* LaunchScreen.xib */; };
		36353CFA1B162507005DEF4F /* VoiceAnimalsTests.m in Sources */ = {isa = PBXBuildFile; fileRef = 36353CF91B162507005DEF4F /* VoiceAnimalsTests.m */; };
		367279681B162CB90003B81C /* VAUtils.m in Sources */ = {isa = PBXBuildFile; fileRef = 367279671B162CB90003B81C /* VAUtils.m */; };
		3672796B1B162CE10003B81C /* VACommonViewController.m in Sources */ = {isa = PBXBuildFile; fileRef = 3672796A1B162CE10003B81C /* VACommonViewController.m */; };
		3672796F1B162D410003B81C /* VAMainViewController.m in Sources */ = {isa = PBXBuildFile; fileRef = 3672796E1B162D410003B81C /* VAMainViewController.m */; };
/* End PBXBuildFile section */

/* Begin PBXContainerItemProxy section */
		36353CF41B162507005DEF4F /* PBXContainerItemProxy */ = {
			isa = PBXContainerItemProxy;
			containerPortal = 36353CD21B162507005DEF4F /* Project object */;
			proxyType = 1;
			remoteGlobalIDString = 36353CD91B162507005DEF4F;
			remoteInfo = VoiceAnimals;
		};
/* End PBXContainerItemProxy section */

/* Begin PBXFileReference section */
		36353CDA1B162507005DEF4F /* VoiceAnimals.app */ = {isa = PBXFileReference; explicitFileType = wrapper.application; includeInIndex = 0; path = VoiceAnimals.app; sourceTree = BUILT_PRODUCTS_DIR; };
		36353CDE1B162507005DEF4F /* Info.plist */ = {isa = PBXFileReference; lastKnownFileType = text.plist.xml; path = Info.plist; sourceTree = "<group>"; };
		36353CDF1B162507005DEF4F /* main.m */ = {isa = PBXFileReference; lastKnownFileType = sourcecode.c.objc; path = main.m; sourceTree = "<group>"; };
		36353CE11B162507005DEF4F /* AppDelegate.h */ = {isa = PBXFileReference; lastKnownFileType = sourcecode.c.h; path = AppDelegate.h; sourceTree = "<group>"; };
		36353CE21B162507005DEF4F /* AppDelegate.m */ = {isa = PBXFileReference; lastKnownFileType = sourcecode.c.objc; path = AppDelegate.m; sourceTree = "<group>"; };
		36353CE41B162507005DEF4F /* ViewController.h */ = {isa = PBXFileReference; lastKnownFileType = sourcecode.c.h; path = ViewController.h; sourceTree = "<group>"; };
		36353CE51B162507005DEF4F /* ViewController.m */ = {isa = PBXFileReference; lastKnownFileType = sourcecode.c.objc; path = ViewController.m; sourceTree = "<group>"; };
		36353CE81B162507005DEF4F /* Base */ = {isa = PBXFileReference; lastKnownFileType = file.storyboard; name = Base; path = Base.lproj/Main.storyboard; sourceTree = "<group>"; };
		36353CEA1B162507005DEF4F /* Images.xcassets */ = {isa = PBXFileReference; lastKnownFileType = folder.assetcatalog; path = Images.xcassets; sourceTree = "<group>"; };
		36353CED1B162507005DEF4F /* Base */ = {isa = PBXFileReference; lastKnownFileType = file.xib; name = Base; path = Base.lproj/LaunchScreen.xib; sourceTree = "<group>"; };
		36353CF31B162507005DEF4F /* VoiceAnimalsTests.xctest */ = {isa = PBXFileReference; explicitFileType = wrapper.cfbundle; includeInIndex = 0; path = VoiceAnimalsTests.xctest; sourceTree = BUILT_PRODUCTS_DIR; };
		36353CF81B162507005DEF4F /* Info.plist */ = {isa = PBXFileReference; lastKnownFileType = text.plist.xml; path = Info.plist; sourceTree = "<group>"; };
		36353CF91B162507005DEF4F /* VoiceAnimalsTests.m */ = {isa = PBXFileReference; lastKnownFileType = sourcecode.c.objc; path = VoiceAnimalsTests.m; sourceTree = "<group>"; };
		367279661B162CB90003B81C /* VAUtils.h */ = {isa = PBXFileReference; fileEncoding = 4; lastKnownFileType = sourcecode.c.h; name = VAUtils.h; path = Utils/VAUtils.h; sourceTree = "<group>"; };
		367279671B162CB90003B81C /* VAUtils.m */ = {isa = PBXFileReference; fileEncoding = 4; lastKnownFileType = sourcecode.c.objc; name = VAUtils.m; path = Utils/VAUtils.m; sourceTree = "<group>"; };
		367279691B162CE10003B81C /* VACommonViewController.h */ = {isa = PBXFileReference; fileEncoding = 4; lastKnownFileType = sourcecode.c.h; path = VACommonViewController.h; sourceTree = "<group>"; };
		3672796A1B162CE10003B81C /* VACommonViewController.m */ = {isa = PBXFileReference; fileEncoding = 4; lastKnownFileType = sourcecode.c.objc; path = VACommonViewController.m; sourceTree = "<group>"; };
		3672796C1B162CFF0003B81C /* VoiceAnimals-Prefix.pch */ = {isa = PBXFileReference; lastKnownFileType = sourcecode.c.h; path = "VoiceAnimals-Prefix.pch"; sourceTree = "<group>"; };
		3672796D1B162D410003B81C /* VAMainViewController.h */ = {isa = PBXFileReference; fileEncoding = 4; lastKnownFileType = sourcecode.c.h; name = VAMainViewController.h; path = ViewControllers/VAMainViewController.h; sourceTree = "<group>"; };
		3672796E1B162D410003B81C /* VAMainViewController.m */ = {isa = PBXFileReference; fileEncoding = 4; lastKnownFileType = sourcecode.c.objc; name = VAMainViewController.m; path = ViewControllers/VAMainViewController.m; sourceTree = "<group>"; };
/* End PBXFileReference section */

/* Begin PBXFrameworksBuildPhase section */
		36353CD71B162507005DEF4F /* Frameworks */ = {
			isa = PBXFrameworksBuildPhase;
			buildActionMask = 2147483647;
			files = (
			);
			runOnlyForDeploymentPostprocessing = 0;
		};
		36353CF01B162507005DEF4F /* Frameworks */ = {
			isa = PBXFrameworksBuildPhase;
			buildActionMask = 2147483647;
			files = (
			);
			runOnlyForDeploymentPostprocessing = 0;
		};
/* End PBXFrameworksBuildPhase section */

/* Begin PBXGroup section */
		36353CD11B162507005DEF4F = {
			isa = PBXGroup;
			children = (
				36353CDC1B162507005DEF4F /* VoiceAnimals */,
				36353CF61B162507005DEF4F /* VoiceAnimalsTests */,
				36353CDB1B162507005DEF4F /* Products */,
			);
			sourceTree = "<group>";
		};
		36353CDB1B162507005DEF4F /* Products */ = {
			isa = PBXGroup;
			children = (
				36353CDA1B162507005DEF4F /* VoiceAnimals.app */,
				36353CF31B162507005DEF4F /* VoiceAnimalsTests.xctest */,
			);
			name = Products;
			sourceTree = "<group>";
		};
		36353CDC1B162507005DEF4F /* VoiceAnimals */ = {
			isa = PBXGroup;
			children = (
				367279651B162C910003B81C /* Resources */,
				367279641B162C810003B81C /* Models */,
				367279631B162C760003B81C /* ThirdParties */,
				367279621B162C6F0003B81C /* Utils */,
				367279611B162C690003B81C /* Components */,
				367279601B162C600003B81C /* ViewControllers */,
				36353CE11B162507005DEF4F /* AppDelegate.h */,
				36353CE21B162507005DEF4F /* AppDelegate.m */,
				36353CE41B162507005DEF4F /* ViewController.h */,
				36353CE51B162507005DEF4F /* ViewController.m */,
				36353CE71B162507005DEF4F /* Main.storyboard */,
				36353CEA1B162507005DEF4F /* Images.xcassets */,
				36353CEC1B162507005DEF4F /* LaunchScreen.xib */,
				36353CDD1B162507005DEF4F /* Supporting Files */,
			);
			path = VoiceAnimals;
			sourceTree = "<group>";
		};
		36353CDD1B162507005DEF4F /* Supporting Files */ = {
			isa = PBXGroup;
			children = (
				36353CDE1B162507005DEF4F /* Info.plist */,
				36353CDF1B162507005DEF4F /* main.m */,
				3672796C1B162CFF0003B81C /* VoiceAnimals-Prefix.pch */,
			);
			name = "Supporting Files";
			sourceTree = "<group>";
		};
		36353CF61B162507005DEF4F /* VoiceAnimalsTests */ = {
			isa = PBXGroup;
			children = (
				36353CF91B162507005DEF4F /* VoiceAnimalsTests.m */,
				36353CF71B162507005DEF4F /* Supporting Files */,
			);
			path = VoiceAnimalsTests;
			sourceTree = "<group>";
		};
		36353CF71B162507005DEF4F /* Supporting Files */ = {
			isa = PBXGroup;
			children = (
				36353CF81B162507005DEF4F /* Info.plist */,
			);
			name = "Supporting Files";
			sourceTree = "<group>";
		};
		367279601B162C600003B81C /* ViewControllers */ = {
			isa = PBXGroup;
			children = (
				3672796D1B162D410003B81C /* VAMainViewController.h */,
				3672796E1B162D410003B81C /* VAMainViewController.m */,
			);
			name = ViewControllers;
			sourceTree = "<group>";
		};
		367279611B162C690003B81C /* Components */ = {
			isa = PBXGroup;
			children = (
				367279691B162CE10003B81C /* VACommonViewController.h */,
				3672796A1B162CE10003B81C /* VACommonViewController.m */,
			);
			name = Components;
			sourceTree = "<group>";
		};
		367279621B162C6F0003B81C /* Utils */ = {
			isa = PBXGroup;
			children = (
				367279661B162CB90003B81C /* VAUtils.h */,
				367279671B162CB90003B81C /* VAUtils.m */,
			);
			name = Utils;
			sourceTree = "<group>";
		};
		367279631B162C760003B81C /* ThirdParties */ = {
			isa = PBXGroup;
			children = (
			);
			name = ThirdParties;
			sourceTree = "<group>";
		};
		367279641B162C810003B81C /* Models */ = {
			isa = PBXGroup;
			children = (
			);
			name = Models;
			sourceTree = "<group>";
		};
		367279651B162C910003B81C /* Resources */ = {
			isa = PBXGroup;
			children = (
			);
			name = Resources;
			sourceTree = "<group>";
		};
/* End PBXGroup section */

/* Begin PBXNativeTarget section */
		36353CD91B162507005DEF4F /* VoiceAnimals */ = {
			isa = PBXNativeTarget;
			buildConfigurationList = 36353CFD1B162507005DEF4F /* Build configuration list for PBXNativeTarget "VoiceAnimals" */;
			buildPhases = (
				36353CD61B162507005DEF4F /* Sources */,
				36353CD71B162507005DEF4F /* Frameworks */,
				36353CD81B162507005DEF4F /* Resources */,
			);
			buildRules = (
			);
			dependencies = (
			);
			name = VoiceAnimals;
			productName = VoiceAnimals;
			productReference = 36353CDA1B162507005DEF4F /* VoiceAnimals.app */;
			productType = "com.apple.product-type.application";
		};
		36353CF21B162507005DEF4F /* VoiceAnimalsTests */ = {
			isa = PBXNativeTarget;
			buildConfigurationList = 36353D001B162507005DEF4F /* Build configuration list for PBXNativeTarget "VoiceAnimalsTests" */;
			buildPhases = (
				36353CEF1B162507005DEF4F /* Sources */,
				36353CF01B162507005DEF4F /* Frameworks */,
				36353CF11B162507005DEF4F /* Resources */,
			);
			buildRules = (
			);
			dependencies = (
				36353CF51B162507005DEF4F /* PBXTargetDependency */,
			);
			name = VoiceAnimalsTests;
			productName = VoiceAnimalsTests;
			productReference = 36353CF31B162507005DEF4F /* VoiceAnimalsTests.xctest */;
			productType = "com.apple.product-type.bundle.unit-test";
		};
/* End PBXNativeTarget section */

/* Begin PBXProject section */
		36353CD21B162507005DEF4F /* Project object */ = {
			isa = PBXProject;
			attributes = {
				CLASSPREFIX = VA;
				LastUpgradeCheck = 0630;
				ORGANIZATIONNAME = "Than Dang";
				TargetAttributes = {
					36353CD91B162507005DEF4F = {
						CreatedOnToolsVersion = 6.3.1;
					};
					36353CF21B162507005DEF4F = {
						CreatedOnToolsVersion = 6.3.1;
						TestTargetID = 36353CD91B162507005DEF4F;
					};
				};
			};
			buildConfigurationList = 36353CD51B162507005DEF4F /* Build configuration list for PBXProject "VoiceAnimals" */;
			compatibilityVersion = "Xcode 3.2";
			developmentRegion = English;
			hasScannedForEncodings = 0;
			knownRegions = (
				en,
				Base,
			);
			mainGroup = 36353CD11B162507005DEF4F;
			productRefGroup = 36353CDB1B162507005DEF4F /* Products */;
			projectDirPath = "";
			projectRoot = "";
			targets = (
				36353CD91B162507005DEF4F /* VoiceAnimals */,
				36353CF21B162507005DEF4F /* VoiceAnimalsTests */,
			);
		};
/* End PBXProject section */

/* Begin PBXResourcesBuildPhase section */
		36353CD81B162507005DEF4F /* Resources */ = {
			isa = PBXResourcesBuildPhase;
			buildActionMask = 2147483647;
			files = (
				36353CE91B162507005DEF4F /* Main.storyboard in Resources */,
				36353CEE1B162507005DEF4F /* LaunchScreen.xib in Resources */,
				36353CEB1B162507005DEF4F /* Images.xcassets in Resources */,
			);
			runOnlyForDeploymentPostprocessing = 0;
		};
		36353CF11B162507005DEF4F /* Resources */ = {
			isa = PBXResourcesBuildPhase;
			buildActionMask = 2147483647;
			files = (
			);
			runOnlyForDeploymentPostprocessing = 0;
		};
/* End PBXResourcesBuildPhase section */

/* Begin PBXSourcesBuildPhase section */
		36353CD61B162507005DEF4F /* Sources */ = {
			isa = PBXSourcesBuildPhase;
			buildActionMask = 2147483647;
			files = (
				3672796F1B162D410003B81C /* VAMainViewController.m in Sources */,
				367279681B162CB90003B81C /* VAUtils.m in Sources */,
				3672796B1B162CE10003B81C /* VACommonViewController.m in Sources */,
				36353CE61B162507005DEF4F /* ViewController.m in Sources */,
				36353CE31B162507005DEF4F /* AppDelegate.m in Sources */,
				36353CE01B162507005DEF4F /* main.m in Sources */,
			);
			runOnlyForDeploymentPostprocessing = 0;
		};
		36353CEF1B162507005DEF4F /* Sources */ = {
			isa = PBXSourcesBuildPhase;
			buildActionMask = 2147483647;
			files = (
				36353CFA1B162507005DEF4F /* VoiceAnimalsTests.m in Sources */,
			);
			runOnlyForDeploymentPostprocessing = 0;
		};
/* End PBXSourcesBuildPhase section */

/* Begin PBXTargetDependency section */
		36353CF51B162507005DEF4F /* PBXTargetDependency */ = {
			isa = PBXTargetDependency;
			target = 36353CD91B162507005DEF4F /* VoiceAnimals */;
			targetProxy = 36353CF41B162507005DEF4F /* PBXContainerItemProxy */;
		};
/* End PBXTargetDependency section */

/* Begin PBXVariantGroup section */
		36353CE71B162507005DEF4F /* Main.storyboard */ = {
			isa = PBXVariantGroup;
			children = (
				36353CE81B162507005DEF4F /* Base */,
			);
			name = Main.storyboard;
			sourceTree = "<group>";
		};
		36353CEC1B162507005DEF4F /* LaunchScreen.xib */ = {
			isa = PBXVariantGroup;
			children = (
				36353CED1B162507005DEF4F /* Base */,
			);
			name = LaunchScreen.xib;
			sourceTree = "<group>";
		};
/* End PBXVariantGroup section */

/* Begin XCBuildConfiguration section */
		36353CFB1B162507005DEF4F /* Debug */ = {
			isa = XCBuildConfiguration;
			buildSettings = {
				ALWAYS_SEARCH_USER_PATHS = NO;
				CLANG_CXX_LANGUAGE_STANDARD = "gnu++0x";
				CLANG_CXX_LIBRARY = "libc++";
				CLANG_ENABLE_MODULES = YES;
				CLANG_ENABLE_OBJC_ARC = YES;
				CLANG_WARN_BOOL_CONVERSION = YES;
				CLANG_WARN_CONSTANT_CONVERSION = YES;
				CLANG_WARN_DIRECT_OBJC_ISA_USAGE = YES_ERROR;
				CLANG_WARN_EMPTY_BODY = YES;
				CLANG_WARN_ENUM_CONVERSION = YES;
				CLANG_WARN_INT_CONVERSION = YES;
				CLANG_WARN_OBJC_ROOT_CLASS = YES_ERROR;
				CLANG_WARN_UNREACHABLE_CODE = YES;
				CLANG_WARN__DUPLICATE_METHOD_MATCH = YES;
				"CODE_SIGN_IDENTITY[sdk=iphoneos*]" = "iPhone Developer";
				COPY_PHASE_STRIP = NO;
				DEBUG_INFORMATION_FORMAT = "dwarf-with-dsym";
				ENABLE_STRICT_OBJC_MSGSEND = YES;
				GCC_C_LANGUAGE_STANDARD = gnu99;
				GCC_DYNAMIC_NO_PIC = NO;
				GCC_NO_COMMON_BLOCKS = YES;
				GCC_OPTIMIZATION_LEVEL = 0;
				GCC_PREPROCESSOR_DEFINITIONS = (
					"DEBUG=1",
					"$(inherited)",
				);
				GCC_SYMBOLS_PRIVATE_EXTERN = NO;
				GCC_WARN_64_TO_32_BIT_CONVERSION = YES;
				GCC_WARN_ABOUT_RETURN_TYPE = YES_ERROR;
				GCC_WARN_UNDECLARED_SELECTOR = YES;
				GCC_WARN_UNINITIALIZED_AUTOS = YES_AGGRESSIVE;
				GCC_WARN_UNUSED_FUNCTION = YES;
				GCC_WARN_UNUSED_VARIABLE = YES;
				IPHONEOS_DEPLOYMENT_TARGET = 8.3;
				MTL_ENABLE_DEBUG_INFO = YES;
				ONLY_ACTIVE_ARCH = YES;
				SDKROOT = iphoneos;
				TARGETED_DEVICE_FAMILY = "1,2";
			};
			name = Debug;
		};
		36353CFC1B162507005DEF4F /* Release */ = {
			isa = XCBuildConfiguration;
			buildSettings = {
				ALWAYS_SEARCH_USER_PATHS = NO;
				CLANG_CXX_LANGUAGE_STANDARD = "gnu++0x";
				CLANG_CXX_LIBRARY = "libc++";
				CLANG_ENABLE_MODULES = YES;
				CLANG_ENABLE_OBJC_ARC = YES;
				CLANG_WARN_BOOL_CONVERSION = YES;
				CLANG_WARN_CONSTANT_CONVERSION = YES;
				CLANG_WARN_DIRECT_OBJC_ISA_USAGE = YES_ERROR;
				CLANG_WARN_EMPTY_BODY = YES;
				CLANG_WARN_ENUM_CONVERSION = YES;
				CLANG_WARN_INT_CONVERSION = YES;
				CLANG_WARN_OBJC_ROOT_CLASS = YES_ERROR;
				CLANG_WARN_UNREACHABLE_CODE = YES;
				CLANG_WARN__DUPLICATE_METHOD_MATCH = YES;
				"CODE_SIGN_IDENTITY[sdk=iphoneos*]" = "iPhone Developer";
				COPY_PHASE_STRIP = NO;
				DEBUG_INFORMATION_FORMAT = "dwarf-with-dsym";
				ENABLE_NS_ASSERTIONS = NO;
				ENABLE_STRICT_OBJC_MSGSEND = YES;
				GCC_C_LANGUAGE_STANDARD = gnu99;
				GCC_NO_COMMON_BLOCKS = YES;
				GCC_WARN_64_TO_32_BIT_CONVERSION = YES;
				GCC_WARN_ABOUT_RETURN_TYPE = YES_ERROR;
				GCC_WARN_UNDECLARED_SELECTOR = YES;
				GCC_WARN_UNINITIALIZED_AUTOS = YES_AGGRESSIVE;
				GCC_WARN_UNUSED_FUNCTION = YES;
				GCC_WARN_UNUSED_VARIABLE = YES;
				IPHONEOS_DEPLOYMENT_TARGET = 8.3;
				MTL_ENABLE_DEBUG_INFO = NO;
				SDKROOT = iphoneos;
				TARGETED_DEVICE_FAMILY = "1,2";
				VALIDATE_PRODUCT = YES;
			};
			name = Release;
		};
		36353CFE1B162507005DEF4F /* Debug */ = {
			isa = XCBuildConfiguration;
			buildSettings = {
				ASSETCATALOG_COMPILER_APPICON_NAME = AppIcon;
				ASSETCATALOG_COMPILER_LAUNCHIMAGE_NAME = LaunchImage;
				GCC_PREFIX_HEADER = "VoiceAnimals/VoiceAnimals-Prefix.pch";
				INFOPLIST_FILE = VoiceAnimals/Info.plist;
				IPHONEOS_DEPLOYMENT_TARGET = 7.0;
				LD_RUNPATH_SEARCH_PATHS = "$(inherited) @executable_path/Frameworks";
				PRODUCT_NAME = "$(TARGET_NAME)";
			};
			name = Debug;
		};
		36353CFF1B162507005DEF4F /* Release */ = {
			isa = XCBuildConfiguration;
			buildSettings = {
				ASSETCATALOG_COMPILER_APPICON_NAME = AppIcon;
				ASSETCATALOG_COMPILER_LAUNCHIMAGE_NAME = LaunchImage;
				GCC_PREFIX_HEADER = "VoiceAnimals/VoiceAnimals-Prefix.pch";
				INFOPLIST_FILE = VoiceAnimals/Info.plist;
				IPHONEOS_DEPLOYMENT_TARGET = 7.0;
				LD_RUNPATH_SEARCH_PATHS = "$(inherited) @executable_path/Frameworks";
				PRODUCT_NAME = "$(TARGET_NAME)";
			};
			name = Release;
		};
		36353D011B162507005DEF4F /* Debug */ = {
			isa = XCBuildConfiguration;
			buildSettings = {
				BUNDLE_LOADER = "$(TEST_HOST)";
				FRAMEWORK_SEARCH_PATHS = (
					"$(SDKROOT)/Developer/Library/Frameworks",
					"$(inherited)",
				);
				GCC_PREPROCESSOR_DEFINITIONS = (
					"DEBUG=1",
					"$(inherited)",
				);
				INFOPLIST_FILE = VoiceAnimalsTests/Info.plist;
				LD_RUNPATH_SEARCH_PATHS = "$(inherited) @executable_path/Frameworks @loader_path/Frameworks";
				PRODUCT_NAME = "$(TARGET_NAME)";
				TEST_HOST = "$(BUILT_PRODUCTS_DIR)/VoiceAnimals.app/VoiceAnimals";
			};
			name = Debug;
		};
		36353D021B162507005DEF4F /* Release */ = {
			isa = XCBuildConfiguration;
			buildSettings = {
				BUNDLE_LOADER = "$(TEST_HOST)";
				FRAMEWORK_SEARCH_PATHS = (
					"$(SDKROOT)/Developer/Library/Frameworks",
					"$(inherited)",
				);
				INFOPLIST_FILE = VoiceAnimalsTests/Info.plist;
				LD_RUNPATH_SEARCH_PATHS = "$(inherited) @executable_path/Frameworks @loader_path/Frameworks";
				PRODUCT_NAME = "$(TARGET_NAME)";
				TEST_HOST = "$(BUILT_PRODUCTS_DIR)/VoiceAnimals.app/VoiceAnimals";
			};
			name = Release;
		};
/* End XCBuildConfiguration section */

/* Begin XCConfigurationList section */
		36353CD51B162507005DEF4F /* Build configuration list for PBXProject "VoiceAnimals" */ = {
			isa = XCConfigurationList;
			buildConfigurations = (
				36353CFB1B162507005DEF4F /* Debug */,
				36353CFC1B162507005DEF4F /* Release */,
			);
			defaultConfigurationIsVisible = 0;
			defaultConfigurationName = Release;
		};
		36353CFD1B162507005DEF4F /* Build configuration list for PBXNativeTarget "VoiceAnimals" */ = {
			isa = XCConfigurationList;
			buildConfigurations = (
				36353CFE1B162507005DEF4F /* Debug */,
				36353CFF1B162507005DEF4F /* Release */,
			);
			defaultConfigurationIsVisible = 0;
			defaultConfigurationName = Release;
		};
		36353D001B162507005DEF4F /* Build configuration list for PBXNativeTarget "VoiceAnimalsTests" */ = {
			isa = XCConfigurationList;
			buildConfigurations = (
				36353D011B162507005DEF4F /* Debug */,
				36353D021B162507005DEF4F /* Release */,
			);
			defaultConfigurationIsVisible = 0;
			defaultConfigurationName = Release;
		};
/* End XCConfigurationList section */
	};
	rootObject = 36353CD21B162507005DEF4F /* Project object */;
}
